
Microsoft Visual Studio Solution File, Format Version 12.00
# Visual Studio Version 16
VisualStudioVersion = 16.0.29215.179
MinimumVisualStudioVersion = 10.0.40219.1
Project("{FAE04EC0-301F-11D3-BF4B-00C04F79EFBC}") = "CandidatoAPP.Android", "CandidatoAPP\CandidatoAPP.Android\CandidatoAPP.Android.csproj", "{6BFD5C6F-9527-47E9-B6EA-351C98790283}"
EndProject
Project("{FAE04EC0-301F-11D3-BF4B-00C04F79EFBC}") = "CandidatoAPP.iOS", "CandidatoAPP\CandidatoAPP.iOS\CandidatoAPP.iOS.csproj", "{EC533D9D-5E91-4EA3-A5A3-421973709142}"
EndProject
Project("{FAE04EC0-301F-11D3-BF4B-00C04F79EFBC}") = "CandidatoAPP", "CandidatoAPP\CandidatoAPP\CandidatoAPP.csproj", "{BF11E5E0-BEB7-4014-9481-3FDFB986D4D7}"
EndProject
Global
	GlobalSection(SolutionConfigurationPlatforms) = preSolution
		Debug|Any CPU = Debug|Any CPU
		Debug|iPhone = Debug|iPhone
		Debug|iPhoneSimulator = Debug|iPhoneSimulator
		Release|Any CPU = Release|Any CPU
		Release|iPhone = Release|iPhone
		Release|iPhoneSimulator = Release|iPhoneSimulator
	EndGlobalSection
	GlobalSection(ProjectConfigurationPlatforms) = postSolution
		{6BFD5C6F-9527-47E9-B6EA-351C98790283}.Debug|Any CPU.ActiveCfg = Debug|Any CPU
		{6BFD5C6F-9527-47E9-B6EA-351C98790283}.Debug|Any CPU.Build.0 = Debug|Any CPU
		{6BFD5C6F-9527-47E9-B6EA-351C98790283}.Debug|Any CPU.Deploy.0 = Debug|Any CPU
		{6BFD5C6F-9527-47E9-B6EA-351C98790283}.Debug|iPhone.ActiveCfg = Debug|Any CPU
		{6BFD5C6F-9527-47E9-B6EA-351C98790283}.Debug|iPhone.Build.0 = Debug|Any CPU
		{6BFD5C6F-9527-47E9-B6EA-351C98790283}.Debug|iPhone.Deploy.0 = Debug|Any CPU
		{6BFD5C6F-9527-47E9-B6EA-351C98790283}.Debug|iPhoneSimulator.ActiveCfg = Debug|Any CPU
		{6BFD5C6F-9527-47E9-B6EA-351C98790283}.Debug|iPhoneSimulator.Build.0 = Debug|Any CPU
		{6BFD5C6F-9527-47E9-B6EA-351C98790283}.Debug|iPhoneSimulator.Deploy.0 = Debug|Any CPU
		{6BFD5C6F-9527-47E9-B6EA-351C98790283}.Release|Any CPU.ActiveCfg = Release|Any CPU
		{6BFD5C6F-9527-47E9-B6EA-351C98790283}.Release|Any CPU.Build.0 = Release|Any CPU
		{6BFD5C6F-9527-47E9-B6EA-351C98790283}.Release|Any CPU.Deploy.0 = Release|Any CPU
		{6BFD5C6F-9527-47E9-B6EA-351C98790283}.Release|iPhone.ActiveCfg = Release|Any CPU
		{6BFD5C6F-9527-47E9-B6EA-351C98790283}.Release|iPhone.Build.0 = Release|Any CPU
		{6BFD5C6F-9527-47E9-B6EA-351C98790283}.Release|iPhone.Deploy.0 = Release|Any CPU
		{6BFD5C6F-9527-47E9-B6EA-351C98790283}.Release|iPhoneSimulator.ActiveCfg = Release|Any CPU
		{6BFD5C6F-9527-47E9-B6EA-351C98790283}.Release|iPhoneSimulator.Build.0 = Release|Any CPU
		{6BFD5C6F-9527-47E9-B6EA-351C98790283}.Release|iPhoneSimulator.Deploy.0 = Release|Any CPU
		{EC533D9D-5E91-4EA3-A5A3-421973709142}.Debug|Any CPU.ActiveCfg = Debug|iPhoneSimulator
		{EC533D9D-5E91-4EA3-A5A3-421973709142}.Debug|Any CPU.Build.0 = Debug|iPhoneSimulator
		{EC533D9D-5E91-4EA3-A5A3-421973709142}.Debug|Any CPU.Deploy.0 = Debug|iPhoneSimulator
		{EC533D9D-5E91-4EA3-A5A3-421973709142}.Debug|iPhone.ActiveCfg = Debug|iPhone
		{EC533D9D-5E91-4EA3-A5A3-421973709142}.Debug|iPhone.Build.0 = Debug|iPhone
		{EC533D9D-5E91-4EA3-A5A3-421973709142}.Debug|iPhone.Deploy.0 = Debug|iPhone
		{EC533D9D-5E91-4EA3-A5A3-421973709142}.Debug|iPhoneSimulator.ActiveCfg = Debug|iPhoneSimulator
		{EC533D9D-5E91-4EA3-A5A3-421973709142}.Debug|iPhoneSimulator.Build.0 = Debug|iPhoneSimulator
		{EC533D9D-5E91-4EA3-A5A3-421973709142}.Debug|iPhoneSimulator.Deploy.0 = Debug|iPhoneSimulator
		{EC533D9D-5E91-4EA3-A5A3-421973709142}.Release|Any CPU.ActiveCfg = Release|iPhone
		{EC533D9D-5E91-4EA3-A5A3-421973709142}.Release|Any CPU.Build.0 = Release|iPhone
		{EC533D9D-5E91-4EA3-A5A3-421973709142}.Release|Any CPU.Deploy.0 = Release|iPhone
		{EC533D9D-5E91-4EA3-A5A3-421973709142}.Release|iPhone.ActiveCfg = Release|iPhone
		{EC533D9D-5E91-4EA3-A5A3-421973709142}.Release|iPhone.Build.0 = Release|iPhone
		{EC533D9D-5E91-4EA3-A5A3-421973709142}.Release|iPhone.Deploy.0 = Release|iPhone
		{EC533D9D-5E91-4EA3-A5A3-421973709142}.Release|iPhoneSimulator.ActiveCfg = Release|iPhoneSimulator
		{EC533D9D-5E91-4EA3-A5A3-421973709142}.Release|iPhoneSimulator.Build.0 = Release|iPhoneSimulator
		{EC533D9D-5E91-4EA3-A5A3-421973709142}.Release|iPhoneSimulator.Deploy.0 = Release|iPhoneSimulator
		{BF11E5E0-BEB7-4014-9481-3FDFB986D4D7}.Debug|Any CPU.ActiveCfg = Debug|Any CPU
		{BF11E5E0-BEB7-4014-9481-3FDFB986D4D7}.Debug|Any CPU.Build.0 = Debug|Any CPU
		{BF11E5E0-BEB7-4014-9481-3FDFB986D4D7}.Debug|Any CPU.Deploy.0 = Debug|Any CPU
		{BF11E5E0-BEB7-4014-9481-3FDFB986D4D7}.Debug|iPhone.ActiveCfg = Debug|Any CPU
		{BF11E5E0-BEB7-4014-9481-3FDFB986D4D7}.Debug|iPhone.Build.0 = Debug|Any CPU
		{BF11E5E0-BEB7-4014-9481-3FDFB986D4D7}.Debug|iPhone.Deploy.0 = Debug|Any CPU
		{BF11E5E0-BEB7-4014-9481-3FDFB986D4D7}.Debug|iPhoneSimulator.ActiveCfg = Debug|Any CPU
		{BF11E5E0-BEB7-4014-9481-3FDFB986D4D7}.Debug|iPhoneSimulator.Build.0 = Debug|Any CPU
		{BF11E5E0-BEB7-4014-9481-3FDFB986D4D7}.Debug|iPhoneSimulator.Deploy.0 = Debug|Any CPU
		{BF11E5E0-BEB7-4014-9481-3FDFB986D4D7}.Release|Any CPU.ActiveCfg = Release|Any CPU
		{BF11E5E0-BEB7-4014-9481-3FDFB986D4D7}.Release|Any CPU.Build.0 = Release|Any CPU
		{BF11E5E0-BEB7-4014-9481-3FDFB986D4D7}.Release|Any CPU.Deploy.0 = Release|Any CPU
		{BF11E5E0-BEB7-4014-9481-3FDFB986D4D7}.Release|iPhone.ActiveCfg = Release|Any CPU
		{BF11E5E0-BEB7-4014-9481-3FDFB986D4D7}.Release|iPhone.Build.0 = Release|Any CPU
		{BF11E5E0-BEB7-4014-9481-3FDFB986D4D7}.Release|iPhone.Deploy.0 = Release|Any CPU
		{BF11E5E0-BEB7-4014-9481-3FDFB986D4D7}.Release|iPhoneSimulator.ActiveCfg = Release|Any CPU
		{BF11E5E0-BEB7-4014-9481-3FDFB986D4D7}.Release|iPhoneSimulator.Build.0 = Release|Any CPU
		{BF11E5E0-BEB7-4014-9481-3FDFB986D4D7}.Release|iPhoneSimulator.Deploy.0 = Release|Any CPU
	EndGlobalSection
	GlobalSection(SolutionProperties) = preSolution
		HideSolutionNode = FALSE
	EndGlobalSection
	GlobalSection(ExtensibilityGlobals) = postSolution
		SolutionGuid = {F013BFA9-DFF8-4D40-864A-FE997BBD14F7}
	EndGlobalSection
EndGlobal
